// !$*UTF8*$!
{
	archiveVersion = 1;
	classes = {
	};
	objectVersion = 56;
	objects = {

/* Begin PBXBuildFile section */
		4D82836829E5963B0077B0CC /* DetailedInformation.storyboard in Resources */ = {isa = PBXBuildFile; fileRef = 4D82836729E5963B0077B0CC /* DetailedInformation.storyboard */; };
		C352C21D29E3AA06007C763D /* SwiftFAQ.swift in Sources */ = {isa = PBXBuildFile; fileRef = C352C21C29E3AA06007C763D /* SwiftFAQ.swift */; };
		C378B70129DFCAF500B2AC9F /* AppDelegate.swift in Sources */ = {isa = PBXBuildFile; fileRef = C378B70029DFCAF500B2AC9F /* AppDelegate.swift */; };
		C378B70329DFCAF500B2AC9F /* SceneDelegate.swift in Sources */ = {isa = PBXBuildFile; fileRef = C378B70229DFCAF500B2AC9F /* SceneDelegate.swift */; };
		C378B70529DFCAF500B2AC9F /* ViewController.swift in Sources */ = {isa = PBXBuildFile; fileRef = C378B70429DFCAF500B2AC9F /* ViewController.swift */; };
		C378B70829DFCAF500B2AC9F /* Main.storyboard in Resources */ = {isa = PBXBuildFile; fileRef = C378B70629DFCAF500B2AC9F /* Main.storyboard */; };
		C378B70A29DFCAF700B2AC9F /* Assets.xcassets in Resources */ = {isa = PBXBuildFile; fileRef = C378B70929DFCAF700B2AC9F /* Assets.xcassets */; };
		C378B70D29DFCAF700B2AC9F /* LaunchScreen.storyboard in Resources */ = {isa = PBXBuildFile; fileRef = C378B70B29DFCAF700B2AC9F /* LaunchScreen.storyboard */; };
/* End PBXBuildFile section */

/* Begin PBXFileReference section */
		4D82836729E5963B0077B0CC /* DetailedInformation.storyboard */ = {isa = PBXFileReference; lastKnownFileType = file.storyboard; path = DetailedInformation.storyboard; sourceTree = "<group>"; };
		C352C21C29E3AA06007C763D /* SwiftFAQ.swift */ = {isa = PBXFileReference; lastKnownFileType = sourcecode.swift; path = SwiftFAQ.swift; sourceTree = "<group>"; };
		C378B6FD29DFCAF500B2AC9F /* LetsTest.app */ = {isa = PBXFileReference; explicitFileType = wrapper.application; includeInIndex = 0; path = LetsTest.app; sourceTree = BUILT_PRODUCTS_DIR; };
		C378B70029DFCAF500B2AC9F /* AppDelegate.swift */ = {isa = PBXFileReference; lastKnownFileType = sourcecode.swift; path = AppDelegate.swift; sourceTree = "<group>"; };
		C378B70229DFCAF500B2AC9F /* SceneDelegate.swift */ = {isa = PBXFileReference; lastKnownFileType = sourcecode.swift; path = SceneDelegate.swift; sourceTree = "<group>"; };
		C378B70429DFCAF500B2AC9F /* ViewController.swift */ = {isa = PBXFileReference; lastKnownFileType = sourcecode.swift; path = ViewController.swift; sourceTree = "<group>"; };
		C378B70729DFCAF500B2AC9F /* Base */ = {isa = PBXFileReference; lastKnownFileType = file.storyboard; name = Base; path = Base.lproj/Main.storyboard; sourceTree = "<group>"; };
		C378B70929DFCAF700B2AC9F /* Assets.xcassets */ = {isa = PBXFileReference; lastKnownFileType = folder.assetcatalog; path = Assets.xcassets; sourceTree = "<group>"; };
		C378B70C29DFCAF700B2AC9F /* Base */ = {isa = PBXFileReference; lastKnownFileType = file.storyboard; name = Base; path = Base.lproj/LaunchScreen.storyboard; sourceTree = "<group>"; };
		C378B70E29DFCAF700B2AC9F /* Info.plist */ = {isa = PBXFileReference; lastKnownFileType = text.plist.xml; path = Info.plist; sourceTree = "<group>"; };
/* End PBXFileReference section */

/* Begin PBXFrameworksBuildPhase section */
		C378B6FA29DFCAF500B2AC9F /* Frameworks */ = {
			isa = PBXFrameworksBuildPhase;
			buildActionMask = 2147483647;
			files = (
			);
			runOnlyForDeploymentPostprocessing = 0;
		};
/* End PBXFrameworksBuildPhase section */

/* Begin PBXGroup section */
		C352C21829E317E1007C763D /* ViewControllers */ = {
			isa = PBXGroup;
			children = (
				C378B70429DFCAF500B2AC9F /* ViewController.swift */,
			);
			path = ViewControllers;
			sourceTree = "<group>";
		};
		C352C21929E319DA007C763D /* StoryBoards */ = {
			isa = PBXGroup;
			children = (
				C378B70629DFCAF500B2AC9F /* Main.storyboard */,
				4D82836729E5963B0077B0CC /* DetailedInformation.storyboard */,
				C378B70B29DFCAF700B2AC9F /* LaunchScreen.storyboard */,
			);
			path = StoryBoards;
			sourceTree = "<group>";
		};
		C352C21A29E319FC007C763D /* Resources */ = {
			isa = PBXGroup;
			children = (
				C378B70929DFCAF700B2AC9F /* Assets.xcassets */,
			);
			path = Resources;
			sourceTree = "<group>";
		};
		C352C21B29E31F7A007C763D /* App */ = {
			isa = PBXGroup;
			children = (
				C378B70E29DFCAF700B2AC9F /* Info.plist */,
				C378B70229DFCAF500B2AC9F /* SceneDelegate.swift */,
				C378B70029DFCAF500B2AC9F /* AppDelegate.swift */,
			);
			path = App;
			sourceTree = "<group>";
		};
		C352C21E29E3AA17007C763D /* Model */ = {
			isa = PBXGroup;
			children = (
				C352C21C29E3AA06007C763D /* SwiftFAQ.swift */,
			);
			path = Model;
			sourceTree = "<group>";
		};
		C378B6F429DFCAF500B2AC9F = {
			isa = PBXGroup;
			children = (
				C378B6FF29DFCAF500B2AC9F /* LetsTest */,
				C378B6FE29DFCAF500B2AC9F /* Products */,
			);
			sourceTree = "<group>";
		};
		C378B6FE29DFCAF500B2AC9F /* Products */ = {
			isa = PBXGroup;
			children = (
				C378B6FD29DFCAF500B2AC9F /* LetsTest.app */,
			);
			name = Products;
			sourceTree = "<group>";
		};
		C378B6FF29DFCAF500B2AC9F /* LetsTest */ = {
			isa = PBXGroup;
			children = (
				C352C21E29E3AA17007C763D /* Model */,
				C352C21829E317E1007C763D /* ViewControllers */,
				C352C21929E319DA007C763D /* StoryBoards */,
				C352C21A29E319FC007C763D /* Resources */,
				C352C21B29E31F7A007C763D /* App */,
			);
			path = LetsTest;
			sourceTree = "<group>";
		};
/* End PBXGroup section */

/* Begin PBXNativeTarget section */
		C378B6FC29DFCAF500B2AC9F /* LetsTest */ = {
			isa = PBXNativeTarget;
			buildConfigurationList = C378B71129DFCAF700B2AC9F /* Build configuration list for PBXNativeTarget "LetsTest" */;
			buildPhases = (
				C378B6F929DFCAF500B2AC9F /* Sources */,
				C378B6FA29DFCAF500B2AC9F /* Frameworks */,
				C378B6FB29DFCAF500B2AC9F /* Resources */,
			);
			buildRules = (
			);
			dependencies = (
			);
			name = LetsTest;
			productName = LetsTest;
			productReference = C378B6FD29DFCAF500B2AC9F /* LetsTest.app */;
			productType = "com.apple.product-type.application";
		};
/* End PBXNativeTarget section */

/* Begin PBXProject section */
		C378B6F529DFCAF500B2AC9F /* Project object */ = {
			isa = PBXProject;
			attributes = {
				BuildIndependentTargetsInParallel = 1;
				LastSwiftUpdateCheck = 1420;
				LastUpgradeCheck = 1420;
				TargetAttributes = {
					C378B6FC29DFCAF500B2AC9F = {
						CreatedOnToolsVersion = 14.2;
					};
				};
			};
			buildConfigurationList = C378B6F829DFCAF500B2AC9F /* Build configuration list for PBXProject "LetsTest" */;
			compatibilityVersion = "Xcode 14.0";
			developmentRegion = en;
			hasScannedForEncodings = 0;
			knownRegions = (
				en,
				Base,
			);
			mainGroup = C378B6F429DFCAF500B2AC9F;
			productRefGroup = C378B6FE29DFCAF500B2AC9F /* Products */;
			projectDirPath = "";
			projectRoot = "";
			targets = (
				C378B6FC29DFCAF500B2AC9F /* LetsTest */,
			);
		};
/* End PBXProject section */

/* Begin PBXResourcesBuildPhase section */
		C378B6FB29DFCAF500B2AC9F /* Resources */ = {
			isa = PBXResourcesBuildPhase;
			buildActionMask = 2147483647;
			files = (
				C378B70D29DFCAF700B2AC9F /* LaunchScreen.storyboard in Resources */,
				C378B70A29DFCAF700B2AC9F /* Assets.xcassets in Resources */,
				C378B70829DFCAF500B2AC9F /* Main.storyboard in Resources */,
				4D82836829E5963B0077B0CC /* DetailedInformation.storyboard in Resources */,
			);
			runOnlyForDeploymentPostprocessing = 0;
		};
/* End PBXResourcesBuildPhase section */

/* Begin PBXSourcesBuildPhase section */
		C378B6F929DFCAF500B2AC9F /* Sources */ = {
			isa = PBXSourcesBuildPhase;
			buildActionMask = 2147483647;
			files = (
				C378B70529DFCAF500B2AC9F /* ViewController.swift in Sources */,
				C378B70129DFCAF500B2AC9F /* AppDelegate.swift in Sources */,
				C352C21D29E3AA06007C763D /* SwiftFAQ.swift in Sources */,
				C378B70329DFCAF500B2AC9F /* SceneDelegate.swift in Sources */,
			);
			runOnlyForDeploymentPostprocessing = 0;
		};
/* End PBXSourcesBuildPhase section */

/* Begin PBXVariantGroup section */
		C378B70629DFCAF500B2AC9F /* Main.storyboard */ = {
			isa = PBXVariantGroup;
			children = (
				C378B70729DFCAF500B2AC9F /* Base */,
			);
			name = Main.storyboard;
			sourceTree = "<group>";
		};
		C378B70B29DFCAF700B2AC9F /* LaunchScreen.storyboard */ = {
			isa = PBXVariantGroup;
			children = (
				C378B70C29DFCAF700B2AC9F /* Base */,
			);
			name = LaunchScreen.storyboard;
			sourceTree = "<group>";
		};
/* End PBXVariantGroup section */

/* Begin XCBuildConfiguration section */
		C378B70F29DFCAF700B2AC9F /* Debug */ = {
			isa = XCBuildConfiguration;
			buildSettings = {
				ALWAYS_SEARCH_USER_PATHS = NO;
				CLANG_ANALYZER_NONNULL = YES;
				CLANG_ANALYZER_NUMBER_OBJECT_CONVERSION = YES_AGGRESSIVE;
				CLANG_CXX_LANGUAGE_STANDARD = "gnu++20";
				CLANG_ENABLE_MODULES = YES;
				CLANG_ENABLE_OBJC_ARC = YES;
				CLANG_ENABLE_OBJC_WEAK = YES;
				CLANG_WARN_BLOCK_CAPTURE_AUTORELEASING = YES;
				CLANG_WARN_BOOL_CONVERSION = YES;
				CLANG_WARN_COMMA = YES;
				CLANG_WARN_CONSTANT_CONVERSION = YES;
				CLANG_WARN_DEPRECATED_OBJC_IMPLEMENTATIONS = YES;
				CLANG_WARN_DIRECT_OBJC_ISA_USAGE = YES_ERROR;
				CLANG_WARN_DOCUMENTATION_COMMENTS = YES;
				CLANG_WARN_EMPTY_BODY = YES;
				CLANG_WARN_ENUM_CONVERSION = YES;
				CLANG_WARN_INFINITE_RECURSION = YES;
				CLANG_WARN_INT_CONVERSION = YES;
				CLANG_WARN_NON_LITERAL_NULL_CONVERSION = YES;
				CLANG_WARN_OBJC_IMPLICIT_RETAIN_SELF = YES;
				CLANG_WARN_OBJC_LITERAL_CONVERSION = YES;
				CLANG_WARN_OBJC_ROOT_CLASS = YES_ERROR;
				CLANG_WARN_QUOTED_INCLUDE_IN_FRAMEWORK_HEADER = YES;
				CLANG_WARN_RANGE_LOOP_ANALYSIS = YES;
				CLANG_WARN_STRICT_PROTOTYPES = YES;
				CLANG_WARN_SUSPICIOUS_MOVE = YES;
				CLANG_WARN_UNGUARDED_AVAILABILITY = YES_AGGRESSIVE;
				CLANG_WARN_UNREACHABLE_CODE = YES;
				CLANG_WARN__DUPLICATE_METHOD_MATCH = YES;
				COPY_PHASE_STRIP = NO;
				DEBUG_INFORMATION_FORMAT = dwarf;
				ENABLE_STRICT_OBJC_MSGSEND = YES;
				ENABLE_TESTABILITY = YES;
				GCC_C_LANGUAGE_STANDARD = gnu11;
				GCC_DYNAMIC_NO_PIC = NO;
				GCC_NO_COMMON_BLOCKS = YES;
				GCC_OPTIMIZATION_LEVEL = 0;
				GCC_PREPROCESSOR_DEFINITIONS = (
					"DEBUG=1",
					"$(inherited)",
				);
				GCC_WARN_64_TO_32_BIT_CONVERSION = YES;
				GCC_WARN_ABOUT_RETURN_TYPE = YES_ERROR;
				GCC_WARN_UNDECLARED_SELECTOR = YES;
				GCC_WARN_UNINITIALIZED_AUTOS = YES_AGGRESSIVE;
				GCC_WARN_UNUSED_FUNCTION = YES;
				GCC_WARN_UNUSED_VARIABLE = YES;
				IPHONEOS_DEPLOYMENT_TARGET = 16.2;
				MTL_ENABLE_DEBUG_INFO = INCLUDE_SOURCE;
				MTL_FAST_MATH = YES;
				ONLY_ACTIVE_ARCH = YES;
				SDKROOT = iphoneos;
				SWIFT_ACTIVE_COMPILATION_CONDITIONS = DEBUG;
				SWIFT_OPTIMIZATION_LEVEL = "-Onone";
			};
			name = Debug;
		};
		C378B71029DFCAF700B2AC9F /* Release */ = {
			isa = XCBuildConfiguration;
			buildSettings = {
				ALWAYS_SEARCH_USER_PATHS = NO;
				CLANG_ANALYZER_NONNULL = YES;
				CLANG_ANALYZER_NUMBER_OBJECT_CONVERSION = YES_AGGRESSIVE;
				CLANG_CXX_LANGUAGE_STANDARD = "gnu++20";
				CLANG_ENABLE_MODULES = YES;
				CLANG_ENABLE_OBJC_ARC = YES;
				CLANG_ENABLE_OBJC_WEAK = YES;
				CLANG_WARN_BLOCK_CAPTURE_AUTORELEASING = YES;
				CLANG_WARN_BOOL_CONVERSION = YES;
				CLANG_WARN_COMMA = YES;
				CLANG_WARN_CONSTANT_CONVERSION = YES;
				CLANG_WARN_DEPRECATED_OBJC_IMPLEMENTATIONS = YES;
				CLANG_WARN_DIRECT_OBJC_ISA_USAGE = YES_ERROR;
				CLANG_WARN_DOCUMENTATION_COMMENTS = YES;
				CLANG_WARN_EMPTY_BODY = YES;
				CLANG_WARN_ENUM_CONVERSION = YES;
				CLANG_WARN_INFINITE_RECURSION = YES;
				CLANG_WARN_INT_CONVERSION = YES;
				CLANG_WARN_NON_LITERAL_NULL_CONVERSION = YES;
				CLANG_WARN_OBJC_IMPLICIT_RETAIN_SELF = YES;
				CLANG_WARN_OBJC_LITERAL_CONVERSION = YES;
				CLANG_WARN_OBJC_ROOT_CLASS = YES_ERROR;
				CLANG_WARN_QUOTED_INCLUDE_IN_FRAMEWORK_HEADER = YES;
				CLANG_WARN_RANGE_LOOP_ANALYSIS = YES;
				CLANG_WARN_STRICT_PROTOTYPES = YES;
				CLANG_WARN_SUSPICIOUS_MOVE = YES;
				CLANG_WARN_UNGUARDED_AVAILABILITY = YES_AGGRESSIVE;
				CLANG_WARN_UNREACHABLE_CODE = YES;
				CLANG_WARN__DUPLICATE_METHOD_MATCH = YES;
				COPY_PHASE_STRIP = NO;
				DEBUG_INFORMATION_FORMAT = "dwarf-with-dsym";
				ENABLE_NS_ASSERTIONS = NO;
				ENABLE_STRICT_OBJC_MSGSEND = YES;
				GCC_C_LANGUAGE_STANDARD = gnu11;
				GCC_NO_COMMON_BLOCKS = YES;
				GCC_WARN_64_TO_32_BIT_CONVERSION = YES;
				GCC_WARN_ABOUT_RETURN_TYPE = YES_ERROR;
				GCC_WARN_UNDECLARED_SELECTOR = YES;
				GCC_WARN_UNINITIALIZED_AUTOS = YES_AGGRESSIVE;
				GCC_WARN_UNUSED_FUNCTION = YES;
				GCC_WARN_UNUSED_VARIABLE = YES;
				IPHONEOS_DEPLOYMENT_TARGET = 16.2;
				MTL_ENABLE_DEBUG_INFO = NO;
				MTL_FAST_MATH = YES;
				SDKROOT = iphoneos;
				SWIFT_COMPILATION_MODE = wholemodule;
				SWIFT_OPTIMIZATION_LEVEL = "-O";
				VALIDATE_PRODUCT = YES;
			};
			name = Release;
		};
		C378B71229DFCAF700B2AC9F /* Debug */ = {
			isa = XCBuildConfiguration;
			buildSettings = {
				ASSETCATALOG_COMPILER_APPICON_NAME = AppIcon;
				ASSETCATALOG_COMPILER_GLOBAL_ACCENT_COLOR_NAME = AccentColor;
				CODE_SIGN_STYLE = Automatic;
				CURRENT_PROJECT_VERSION = 0;
				GENERATE_INFOPLIST_FILE = YES;
				INFOPLIST_FILE = LetsTest/App/Info.plist;
				INFOPLIST_KEY_UIApplicationSupportsIndirectInputEvents = YES;
				INFOPLIST_KEY_UILaunchStoryboardName = LaunchScreen;
				INFOPLIST_KEY_UIMainStoryboardFile = Main;
				INFOPLIST_KEY_UISupportedInterfaceOrientations_iPad = "UIInterfaceOrientationPortrait UIInterfaceOrientationPortraitUpsideDown UIInterfaceOrientationLandscapeLeft UIInterfaceOrientationLandscapeRight";
				INFOPLIST_KEY_UISupportedInterfaceOrientations_iPhone = "UIInterfaceOrientationPortrait UIInterfaceOrientationLandscapeLeft UIInterfaceOrientationLandscapeRight";
				LD_RUNPATH_SEARCH_PATHS = (
					"$(inherited)",
					"@executable_path/Frameworks",
				);
				MARKETING_VERSION = 0.0.0;
				PRODUCT_BUNDLE_IDENTIFIER = iosken.LetsTest;
				PRODUCT_NAME = "$(TARGET_NAME)";
				SUPPORTED_PLATFORMS = "iphoneos iphonesimulator";
				SUPPORTS_MACCATALYST = NO;
				SUPPORTS_MAC_DESIGNED_FOR_IPHONE_IPAD = NO;
				SWIFT_EMIT_LOC_STRINGS = YES;
				SWIFT_VERSION = 5.0;
				TARGETED_DEVICE_FAMILY = 1;
			};
			name = Debug;
		};
		C378B71329DFCAF700B2AC9F /* Release */ = {
			isa = XCBuildConfiguration;
			buildSettings = {
				ASSETCATALOG_COMPILER_APPICON_NAME = AppIcon;
				ASSETCATALOG_COMPILER_GLOBAL_ACCENT_COLOR_NAME = AccentColor;
				CODE_SIGN_STYLE = Automatic;
				CURRENT_PROJECT_VERSION = 0;
				GENERATE_INFOPLIST_FILE = YES;
				INFOPLIST_FILE = LetsTest/App/Info.plist;
				INFOPLIST_KEY_UIApplicationSupportsIndirectInputEvents = YES;
				INFOPLIST_KEY_UILaunchStoryboardName = LaunchScreen;
				INFOPLIST_KEY_UIMainStoryboardFile = Main;
				INFOPLIST_KEY_UISupportedInterfaceOrientations_iPad = "UIInterfaceOrientationPortrait UIInterfaceOrientationPortraitUpsideDown UIInterfaceOrientationLandscapeLeft UIInterfaceOrientationLandscapeRight";
				INFOPLIST_KEY_UISupportedInterfaceOrientations_iPhone = "UIInterfaceOrientationPortrait UIInterfaceOrientationLandscapeLeft UIInterfaceOrientationLandscapeRight";
				LD_RUNPATH_SEARCH_PATHS = (
					"$(inherited)",
					"@executable_path/Frameworks",
				);
				MARKETING_VERSION = 0.0.0;
				PRODUCT_BUNDLE_IDENTIFIER = iosken.LetsTest;
				PRODUCT_NAME = "$(TARGET_NAME)";
				SUPPORTED_PLATFORMS = "iphoneos iphonesimulator";
				SUPPORTS_MACCATALYST = NO;
				SUPPORTS_MAC_DESIGNED_FOR_IPHONE_IPAD = NO;
				SWIFT_EMIT_LOC_STRINGS = YES;
				SWIFT_VERSION = 5.0;
				TARGETED_DEVICE_FAMILY = 1;
			};
			name = Release;
		};
/* End XCBuildConfiguration section */

/* Begin XCConfigurationList section */
		C378B6F829DFCAF500B2AC9F /* Build configuration list for PBXProject "LetsTest" */ = {
			isa = XCConfigurationList;
			buildConfigurations = (
				C378B70F29DFCAF700B2AC9F /* Debug */,
				C378B71029DFCAF700B2AC9F /* Release */,
			);
			defaultConfigurationIsVisible = 0;
			defaultConfigurationName = Release;
		};
		C378B71129DFCAF700B2AC9F /* Build configuration list for PBXNativeTarget "LetsTest" */ = {
			isa = XCConfigurationList;
			buildConfigurations = (
				C378B71229DFCAF700B2AC9F /* Debug */,
				C378B71329DFCAF700B2AC9F /* Release */,
			);
			defaultConfigurationIsVisible = 0;
			defaultConfigurationName = Release;
		};
/* End XCConfigurationList section */
	};
	rootObject = C378B6F529DFCAF500B2AC9F /* Project object */;
}
